
Microsoft Visual Studio Solution File, Format Version 12.00
# Visual Studio Version 17
VisualStudioVersion = 17.5.002.0
MinimumVisualStudioVersion = 10.0.40219.1
Project("{9A19103F-16F7-4668-BE54-9A1E7A4F7556}") = "Final", "Final\Final.csproj", "{690AEBC2-77F9-4156-ADBD-285E280F9509}"
EndProject
Project("{9A19103F-16F7-4668-BE54-9A1E7A4F7556}") = "Starter", "Starter\Starter.csproj", "{FDEFB1EF-13B3-439B-8842-3EA3E6A0401A}"
EndProject
Global
	GlobalSection(SolutionConfigurationPlatforms) = preSolution
		Debug|Any CPU = Debug|Any CPU
		Release|Any CPU = Release|Any CPU
	EndGlobalSection
	GlobalSection(ProjectConfigurationPlatforms) = postSolution
		{690AEBC2-77F9-4156-ADBD-285E280F9509}.Debug|Any CPU.ActiveCfg = Debug|Any CPU
		{690AEBC2-77F9-4156-ADBD-285E280F9509}.Debug|Any CPU.Build.0 = Debug|Any CPU
		{690AEBC2-77F9-4156-ADBD-285E280F9509}.Release|Any CPU.ActiveCfg = Release|Any CPU
		{690AEBC2-77F9-4156-ADBD-285E280F9509}.Release|Any CPU.Build.0 = Release|Any CPU
		{FDEFB1EF-13B3-439B-8842-3EA3E6A0401A}.Debug|Any CPU.ActiveCfg = Debug|Any CPU
		{FDEFB1EF-13B3-439B-8842-3EA3E6A0401A}.Debug|Any CPU.Build.0 = Debug|Any CPU
		{FDEFB1EF-13B3-439B-8842-3EA3E6A0401A}.Release|Any CPU.ActiveCfg = Release|Any CPU
		{FDEFB1EF-13B3-439B-8842-3EA3E6A0401A}.Release|Any CPU.Build.0 = Release|Any CPU
	EndGlobalSection
	GlobalSection(SolutionProperties) = preSolution
		HideSolutionNode = FALSE
	EndGlobalSection
	GlobalSection(ExtensibilityGlobals) = postSolution
		SolutionGuid = {C0975B7B-BCA9-417F-B87D-79C97D4515A7}
	EndGlobalSection
EndGlobal
