
Microsoft Visual Studio Solution File, Format Version 12.00
# Visual Studio Version 17
VisualStudioVersion = 17.5.002.0
MinimumVisualStudioVersion = 10.0.40219.1
Project("{9A19103F-16F7-4668-BE54-9A1E7A4F7556}") = "Quick Maths! - Math Game", "Quick Maths! - Math Game.csproj", "{1CBC5B5D-3DEE-4301-9F2A-6E151F38B72E}"
EndProject
Global
	GlobalSection(SolutionConfigurationPlatforms) = preSolution
		Debug|Any CPU = Debug|Any CPU
		Release|Any CPU = Release|Any CPU
	EndGlobalSection
	GlobalSection(ProjectConfigurationPlatforms) = postSolution
		{1CBC5B5D-3DEE-4301-9F2A-6E151F38B72E}.Debug|Any CPU.ActiveCfg = Debug|Any CPU
		{1CBC5B5D-3DEE-4301-9F2A-6E151F38B72E}.Debug|Any CPU.Build.0 = Debug|Any CPU
		{1CBC5B5D-3DEE-4301-9F2A-6E151F38B72E}.Release|Any CPU.ActiveCfg = Release|Any CPU
		{1CBC5B5D-3DEE-4301-9F2A-6E151F38B72E}.Release|Any CPU.Build.0 = Release|Any CPU
	EndGlobalSection
	GlobalSection(SolutionProperties) = preSolution
		HideSolutionNode = FALSE
	EndGlobalSection
	GlobalSection(ExtensibilityGlobals) = postSolution
		SolutionGuid = {DAE9060B-61F3-4FFA-85DC-95E304F4EBAE}
	EndGlobalSection
EndGlobal
