
Microsoft Visual Studio Solution File, Format Version 12.00
# Visual Studio Version 17
VisualStudioVersion = 17.5.002.0
MinimumVisualStudioVersion = 10.0.40219.1
Project("{9A19103F-16F7-4668-BE54-9A1E7A4F7556}") = "Final", "Final\Final.csproj", "{CA8476D1-2511-4E7E-98A9-609E19E2530B}"
EndProject
Project("{9A19103F-16F7-4668-BE54-9A1E7A4F7556}") = "Starter", "Starter\Starter.csproj", "{618D60C7-A380-49A8-AA5A-F3F3597F3494}"
EndProject
Global
	GlobalSection(SolutionConfigurationPlatforms) = preSolution
		Debug|Any CPU = Debug|Any CPU
		Release|Any CPU = Release|Any CPU
	EndGlobalSection
	GlobalSection(ProjectConfigurationPlatforms) = postSolution
		{CA8476D1-2511-4E7E-98A9-609E19E2530B}.Debug|Any CPU.ActiveCfg = Debug|Any CPU
		{CA8476D1-2511-4E7E-98A9-609E19E2530B}.Debug|Any CPU.Build.0 = Debug|Any CPU
		{CA8476D1-2511-4E7E-98A9-609E19E2530B}.Release|Any CPU.ActiveCfg = Release|Any CPU
		{CA8476D1-2511-4E7E-98A9-609E19E2530B}.Release|Any CPU.Build.0 = Release|Any CPU
		{618D60C7-A380-49A8-AA5A-F3F3597F3494}.Debug|Any CPU.ActiveCfg = Debug|Any CPU
		{618D60C7-A380-49A8-AA5A-F3F3597F3494}.Debug|Any CPU.Build.0 = Debug|Any CPU
		{618D60C7-A380-49A8-AA5A-F3F3597F3494}.Release|Any CPU.ActiveCfg = Release|Any CPU
		{618D60C7-A380-49A8-AA5A-F3F3597F3494}.Release|Any CPU.Build.0 = Release|Any CPU
	EndGlobalSection
	GlobalSection(SolutionProperties) = preSolution
		HideSolutionNode = FALSE
	EndGlobalSection
	GlobalSection(ExtensibilityGlobals) = postSolution
		SolutionGuid = {0BD8953C-2A54-41F6-94B4-F16D862CBCD4}
	EndGlobalSection
EndGlobal
